<Solution>
  <Folder Name="/src/">
    <Project Path="src/CampaignEngine.Api/CampaignEngine.Api.csproj" />
    <Project Path="src/CampaignEngine.Core/CampaignEngine.Core.csproj" />
    <Project Path="src/CampaignEngine.Infrastructure/CampaignEngine.Infrastructure.csproj" />
  </Folder>
  <Folder Name="/tests/">
    <Project Path="tests/CampaignEngine.Core.Tests/CampaignEngine.Core.Tests.csproj" />
  </Folder>
</Solution>
